
Microsoft Visual Studio Solution File, Format Version 12.00
# Visual Studio Version 16
VisualStudioVersion = 16.0.30517.126
MinimumVisualStudioVersion = 10.0.40219.1
Project("{FAE04EC0-301F-11D3-BF4B-00C04F79EFBC}") = "Trax", "Trax\Trax.csproj", "{BC9BC449-16D3-4AD2-97DF-E18F34BA0DC7}"
EndProject
Global
	GlobalSection(SolutionConfigurationPlatforms) = preSolution
		Debug|Any CPU = Debug|Any CPU
		Release|Any CPU = Release|Any CPU
	EndGlobalSection
	GlobalSection(ProjectConfigurationPlatforms) = postSolution
		{BC9BC449-16D3-4AD2-97DF-E18F34BA0DC7}.Debug|Any CPU.ActiveCfg = Debug|Any CPU
		{BC9BC449-16D3-4AD2-97DF-E18F34BA0DC7}.Debug|Any CPU.Build.0 = Debug|Any CPU
		{BC9BC449-16D3-4AD2-97DF-E18F34BA0DC7}.Release|Any CPU.ActiveCfg = Release|Any CPU
		{BC9BC449-16D3-4AD2-97DF-E18F34BA0DC7}.Release|Any CPU.Build.0 = Release|Any CPU
	EndGlobalSection
	GlobalSection(SolutionProperties) = preSolution
		HideSolutionNode = FALSE
	EndGlobalSection
	GlobalSection(ExtensibilityGlobals) = postSolution
		SolutionGuid = {800D42BA-FB62-48C8-AC07-B755710CB1AF}
	EndGlobalSection
EndGlobal
